{
  "version": 4,
  "terraform_version": "0.12.24",
  "serial": 15,
  "lineage": "f75fc1b3-356d-6e97-f5db-b7f717b8ab8d",
  "outputs": {
    "bucketname": {
      "value": "la-terraform-25194",
      "type": "string"
    },
    "project_name": {
      "value": "la-terraform",
      "type": "string"
    }
  },
  "resources": [
    {
      "mode": "managed",
      "type": "aws_s3_bucket",
      "name": "tf_code",
      "provider": "provider.aws",
      "instances": [
        {
          "schema_version": 0,
          "attributes": {
            "acceleration_status": "",
            "acl": "private",
            "arn": "arn:aws:s3:::la-terraform-25194",
            "bucket": "la-terraform-25194",
            "bucket_domain_name": "la-terraform-25194.s3.amazonaws.com",
            "bucket_prefix": null,
            "bucket_regional_domain_name": "la-terraform-25194.s3.amazonaws.com",
            "cors_rule": [],
            "force_destroy": true,
            "grant": [],
            "hosted_zone_id": "Z3AQBSTGFYJSTF",
            "id": "la-terraform-25194",
            "lifecycle_rule": [],
            "logging": [],
            "object_lock_configuration": [],
            "policy": null,
            "region": "us-east-1",
            "replication_configuration": [],
            "request_payer": "BucketOwner",
            "server_side_encryption_configuration": [],
            "tags": {
              "Name": "tf_bucket"
            },
            "versioning": [
              {
                "enabled": false,
                "mfa_delete": false
              }
            ],
            "website": [],
            "website_domain": null,
            "website_endpoint": null
          },
          "private": "bnVsbA==",
          "dependencies": [
            "random_id.tf_bucket_id"
          ]
        }
      ]
    },
    {
      "mode": "managed",
      "type": "random_id",
      "name": "tf_bucket_id",
      "provider": "provider.random",
      "instances": [
        {
          "schema_version": 0,
          "attributes": {
            "b64": "Ymo",
            "b64_std": "Ymo=",
            "b64_url": "Ymo",
            "byte_length": 2,
            "dec": "25194",
            "hex": "626a",
            "id": "Ymo",
            "keepers": null,
            "prefix": null
          },
          "private": "bnVsbA=="
        }
      ]
    }
  ]
}
